{
  "name": "testnpm",
  "version": "1.0.0",
  "lockfileVersion": 2,
  "requires": true,
  "packages": {
    "": {
      "name": "testnpm",
      "version": "1.0.0",
      "license": "ISC",
      "dependencies": {
        "chart.js": "^3.9.1",
        "datatables.net-dt": "^1.13.1",
        "js-datepicker": "^5.18.1",
        "moment": "^2.29.4"
      }
    },
    "node_modules/chart.js": {
      "version": "3.9.1",
      "resolved": "https://registry.npmjs.org/chart.js/-/chart.js-3.9.1.tgz",
      "integrity": "sha512-Ro2JbLmvg83gXF5F4sniaQ+lTbSv18E+TIf2cOeiH1Iqd2PGFOtem+DUufMZsCJwFE7ywPOpfXFBwRTGq7dh6w=="
    },
    "node_modules/datatables.net": {
      "version": "1.13.1",
      "resolved": "https://registry.npmjs.org/datatables.net/-/datatables.net-1.13.1.tgz",
      "integrity": "sha512-cX5dDHsbVdLLYKsWOSE0MvuGUcV88zU5dZ/taK2puJV6F9Fw0CFsP3+U/kr+qpDSFOBLWISRyM4Q9wWWovPTNg==",
      "dependencies": {
        "jquery": ">=1.7"
      }
    },
    "node_modules/datatables.net-dt": {
      "version": "1.13.1",
      "resolved": "https://registry.npmjs.org/datatables.net-dt/-/datatables.net-dt-1.13.1.tgz",
      "integrity": "sha512-J5ul/Y+Hpyfh8y02DKwgbmUij4e4R6bstnx4iYvY7FV2b2XuCP0Qow/Uuc0gtxDHSz2bTsoeRHqg4teoGftVDg==",
      "dependencies": {
        "datatables.net": ">=1.12.1",
        "jquery": ">=1.7"
      }
    },
    "node_modules/jquery": {
      "version": "3.6.1",
      "resolved": "https://registry.npmjs.org/jquery/-/jquery-3.6.1.tgz",
      "integrity": "sha512-opJeO4nCucVnsjiXOE+/PcCgYw9Gwpvs/a6B1LL/lQhwWwpbVEVYDZ1FokFr8PRc7ghYlrFPuyHuiiDNTQxmcw=="
    },
    "node_modules/js-datepicker": {
      "version": "5.18.1",
      "resolved": "https://registry.npmjs.org/js-datepicker/-/js-datepicker-5.18.1.tgz",
      "integrity": "sha512-gcNh01sydVfF2B/s5mFfBExZnFVGvGfNlR50N1CyKHCJ8jmzVR3hKTvzoWcwNx9pVkecB1nBAPa5DcMIDSi2ug=="
    },
    "node_modules/moment": {
      "version": "2.29.4",
      "resolved": "https://registry.npmjs.org/moment/-/moment-2.29.4.tgz",
      "integrity": "sha512-5LC9SOxjSc2HF6vO2CyuTDNivEdoz2IvyJJGj6X8DJ0eFyfszE0QiEd+iXmBvUP3WHxSjFH/vIsA0EN00cgr8w==",
      "engines": {
        "node": "*"
      }
    }
  },
  "dependencies": {
    "chart.js": {
      "version": "3.9.1",
      "resolved": "https://registry.npmjs.org/chart.js/-/chart.js-3.9.1.tgz",
      "integrity": "sha512-Ro2JbLmvg83gXF5F4sniaQ+lTbSv18E+TIf2cOeiH1Iqd2PGFOtem+DUufMZsCJwFE7ywPOpfXFBwRTGq7dh6w=="
    },
    "datatables.net": {
      "version": "1.13.1",
      "resolved": "https://registry.npmjs.org/datatables.net/-/datatables.net-1.13.1.tgz",
      "integrity": "sha512-cX5dDHsbVdLLYKsWOSE0MvuGUcV88zU5dZ/taK2puJV6F9Fw0CFsP3+U/kr+qpDSFOBLWISRyM4Q9wWWovPTNg==",
      "requires": {
        "jquery": ">=1.7"
      }
    },
    "datatables.net-dt": {
      "version": "1.13.1",
      "resolved": "https://registry.npmjs.org/datatables.net-dt/-/datatables.net-dt-1.13.1.tgz",
      "integrity": "sha512-J5ul/Y+Hpyfh8y02DKwgbmUij4e4R6bstnx4iYvY7FV2b2XuCP0Qow/Uuc0gtxDHSz2bTsoeRHqg4teoGftVDg==",
      "requires": {
        "datatables.net": ">=1.12.1",
        "jquery": ">=1.7"
      }
    },
    "jquery": {
      "version": "3.6.1",
      "resolved": "https://registry.npmjs.org/jquery/-/jquery-3.6.1.tgz",
      "integrity": "sha512-opJeO4nCucVnsjiXOE+/PcCgYw9Gwpvs/a6B1LL/lQhwWwpbVEVYDZ1FokFr8PRc7ghYlrFPuyHuiiDNTQxmcw=="
    },
    "js-datepicker": {
      "version": "5.18.1",
      "resolved": "https://registry.npmjs.org/js-datepicker/-/js-datepicker-5.18.1.tgz",
      "integrity": "sha512-gcNh01sydVfF2B/s5mFfBExZnFVGvGfNlR50N1CyKHCJ8jmzVR3hKTvzoWcwNx9pVkecB1nBAPa5DcMIDSi2ug=="
    },
    "moment": {
      "version": "2.29.4",
      "resolved": "https://registry.npmjs.org/moment/-/moment-2.29.4.tgz",
      "integrity": "sha512-5LC9SOxjSc2HF6vO2CyuTDNivEdoz2IvyJJGj6X8DJ0eFyfszE0QiEd+iXmBvUP3WHxSjFH/vIsA0EN00cgr8w=="
    }
  }
}
